schema: '2.0'
stages:
  pit_universe_snapshot:
    cmd: uv run --no-project --python 3.12 --with-requirements
      10-data-system/universe/sp500-pit/aq_pit/schema/pandera/requirements.txt
      python -B 10-data-system/dataset-snapshot/pit-universe/export_snapshot.py
      --data-root D:/AQ_DATA/P1/pit --output
      10-data-system/dataset-snapshot/pit-universe/data
    deps:
    - path: 10-data-system/dataset-snapshot/pit-universe/aq_dataset_snapshot
      hash: md5
      md5: d445b130899e2f65b2678c3e1b7fb450.dir
      size: 3819
      nfiles: 3
    - path: 10-data-system/dataset-snapshot/pit-universe/export_snapshot.py
      hash: md5
      md5: b91e6a4cb7b0547541fc7d8c2a84db11
      size: 942
    - path: 10-data-system/universe/sp500-pit/aq_pit/adapters
      hash: md5
      md5: c8e5f2b72d5f7d080c9d8685e0c73807.dir
      size: 3572
      nfiles: 2
    - path: 10-data-system/universe/sp500-pit/aq_pit/canonical.py
      hash: md5
      md5: f98fc9727458276752f4ad118b5c9616
      size: 2949
    - path: 10-data-system/universe/sp500-pit/aq_pit/domain
      hash: md5
      md5: d8f5c15005c576c2dd4250dee1f21fc6.dir
      size: 20195
      nfiles: 3
    - path: 10-data-system/universe/sp500-pit/aq_pit/export
      hash: md5
      md5: b34999f78e946c46dc962ec42868cdfc.dir
      size: 1145
      nfiles: 2
    - path: 10-data-system/universe/sp500-pit/aq_pit/facts/accepted.py
      hash: md5
      md5: 54872a0441b35f2022a661e45b084b5a
      size: 4396
    - path:
        10-data-system/universe/sp500-pit/aq_pit/facts/accepted_reconciliation_facts.json
      hash: md5
      md5: 3112304f448f335b5c8e7d83a69d9cd4
      size: 9561
    - path: 10-data-system/universe/sp500-pit/aq_pit/gates
      hash: md5
      md5: 9efeb4941ae49a3d2842f40dd9856882.dir
      size: 6755
      nfiles: 3
    - path: 10-data-system/universe/sp500-pit/aq_pit/schema/pandera
      hash: md5
      md5: 1519dbdb4b8f4e91bafa0b51a17246be.dir
      size: 10836
      nfiles: 3
    - path: 10-data-system/universe/sp500-pit/aq_pit/thin_runtime.py
      hash: md5
      md5: be888c7f0b3fd9060b240508e66ff2ea
      size: 1545
    - path: D:/AQ_DATA/P1/pit/audit/unresolved_findings/unresolved_findings.json
      hash: md5
      md5: 6a1b127eb5821f199791f289d372ba65
      size: 17899
    - path: D:/AQ_DATA/P1/pit/raw/fja_sp500/repo/S&P 500 Historical Components &
        Changes (Updated).csv
      hash: md5
      md5: dc794c50ac9add8a87bf0652d2cc5e78
      size: 5533628
    outs:
    - path: 10-data-system/dataset-snapshot/pit-universe/data
      hash: md5
      md5: 177a98ec2e94e460e4dff3166b991fac.dir
      size: 135129
      nfiles: 2
